
Microsoft Visual Studio Solution File, Format Version 12.00
# Visual Studio Version 17
VisualStudioVersion = 17.3.32825.248
MinimumVisualStudioVersion = 10.0.40219.1
Project("{FAE04EC0-301F-11D3-BF4B-00C04F79EFBC}") = "EF_Labb3", "EF_Labb3\EF_Labb3.csproj", "{638CD95E-8DA2-4084-963F-63B51EE68CA4}"
EndProject
Global
	GlobalSection(SolutionConfigurationPlatforms) = preSolution
		Debug|Any CPU = Debug|Any CPU
		Release|Any CPU = Release|Any CPU
	EndGlobalSection
	GlobalSection(ProjectConfigurationPlatforms) = postSolution
		{638CD95E-8DA2-4084-963F-63B51EE68CA4}.Debug|Any CPU.ActiveCfg = Debug|Any CPU
		{638CD95E-8DA2-4084-963F-63B51EE68CA4}.Debug|Any CPU.Build.0 = Debug|Any CPU
		{638CD95E-8DA2-4084-963F-63B51EE68CA4}.Release|Any CPU.ActiveCfg = Release|Any CPU
		{638CD95E-8DA2-4084-963F-63B51EE68CA4}.Release|Any CPU.Build.0 = Release|Any CPU
	EndGlobalSection
	GlobalSection(SolutionProperties) = preSolution
		HideSolutionNode = FALSE
	EndGlobalSection
	GlobalSection(ExtensibilityGlobals) = postSolution
		SolutionGuid = {EBE8EC27-FD9E-4935-9BEB-10084DA97C14}
	EndGlobalSection
EndGlobal
